// !$*UTF8*$!
{
	archiveVersion = 1;
	classes = {
	};
	objectVersion = 55;
	objects = {

/* Begin PBXBuildFile section */
		241B887BCD1ECD1B38C15AFF /* Pods_Instagram.framework in Frameworks */ = {isa = PBXBuildFile; fileRef = BD9D76172EF7ADBEBD85FBA1 /* Pods_Instagram.framework */; };
		4A567187A2202D5FC38942F8 /* Pods_Instagram_InstagramUITests.framework in Frameworks */ = {isa = PBXBuildFile; fileRef = 730276E58A50A418C25B0FBC /* Pods_Instagram_InstagramUITests.framework */; };
		97C9D1D850300C0D09B71BDC /* Pods_InstagramTests.framework in Frameworks */ = {isa = PBXBuildFile; fileRef = 148AEE7429E807A04A27EE49 /* Pods_InstagramTests.framework */; };
		BC42E2F027EB9E3C0003B705 /* LoginViewController.swift in Sources */ = {isa = PBXBuildFile; fileRef = BC42E2EF27EB9E3C0003B705 /* LoginViewController.swift */; };
		BC42E2F227EB9E500003B705 /* FeedViewController.swift in Sources */ = {isa = PBXBuildFile; fileRef = BC42E2F127EB9E500003B705 /* FeedViewController.swift */; };
		BC6A1DF427EAA879002383BC /* AppDelegate.swift in Sources */ = {isa = PBXBuildFile; fileRef = BC6A1DF327EAA879002383BC /* AppDelegate.swift */; };
		BC6A1DF627EAA879002383BC /* SceneDelegate.swift in Sources */ = {isa = PBXBuildFile; fileRef = BC6A1DF527EAA879002383BC /* SceneDelegate.swift */; };
		BC6A1DFB27EAA879002383BC /* Main.storyboard in Resources */ = {isa = PBXBuildFile; fileRef = BC6A1DF927EAA879002383BC /* Main.storyboard */; };
		BC6A1DFD27EAA87D002383BC /* Assets.xcassets in Resources */ = {isa = PBXBuildFile; fileRef = BC6A1DFC27EAA87D002383BC /* Assets.xcassets */; };
		BC6A1E0027EAA87D002383BC /* LaunchScreen.storyboard in Resources */ = {isa = PBXBuildFile; fileRef = BC6A1DFE27EAA87D002383BC /* LaunchScreen.storyboard */; };
		BC6A1E0B27EAA87D002383BC /* InstagramTests.swift in Sources */ = {isa = PBXBuildFile; fileRef = BC6A1E0A27EAA87D002383BC /* InstagramTests.swift */; };
		BC6A1E1527EAA87D002383BC /* InstagramUITests.swift in Sources */ = {isa = PBXBuildFile; fileRef = BC6A1E1427EAA87D002383BC /* InstagramUITests.swift */; };
		BC6A1E1727EAA87D002383BC /* InstagramUITestsLaunchTests.swift in Sources */ = {isa = PBXBuildFile; fileRef = BC6A1E1627EAA87D002383BC /* InstagramUITestsLaunchTests.swift */; };
		BCF39D8727EE8179005C0D35 /* CameraViewController.swift in Sources */ = {isa = PBXBuildFile; fileRef = BCF39D8627EE8179005C0D35 /* CameraViewController.swift */; };
		BCF39D8927EEA207005C0D35 /* Postcell.swift in Sources */ = {isa = PBXBuildFile; fileRef = BCF39D8827EEA207005C0D35 /* Postcell.swift */; };
/* End PBXBuildFile section */

/* Begin PBXContainerItemProxy section */
		BC6A1E0727EAA87D002383BC /* PBXContainerItemProxy */ = {
			isa = PBXContainerItemProxy;
			containerPortal = BC6A1DE827EAA879002383BC /* Project object */;
			proxyType = 1;
			remoteGlobalIDString = BC6A1DEF27EAA879002383BC;
			remoteInfo = Instagram;
		};
		BC6A1E1127EAA87D002383BC /* PBXContainerItemProxy */ = {
			isa = PBXContainerItemProxy;
			containerPortal = BC6A1DE827EAA879002383BC /* Project object */;
			proxyType = 1;
			remoteGlobalIDString = BC6A1DEF27EAA879002383BC;
			remoteInfo = Instagram;
		};
/* End PBXContainerItemProxy section */

/* Begin PBXFileReference section */
		148AEE7429E807A04A27EE49 /* Pods_InstagramTests.framework */ = {isa = PBXFileReference; explicitFileType = wrapper.framework; includeInIndex = 0; path = Pods_InstagramTests.framework; sourceTree = BUILT_PRODUCTS_DIR; };
		1C0D15A617059F0866CEA448 /* Pods-Instagram.release.xcconfig */ = {isa = PBXFileReference; includeInIndex = 1; lastKnownFileType = text.xcconfig; name = "Pods-Instagram.release.xcconfig"; path = "Target Support Files/Pods-Instagram/Pods-Instagram.release.xcconfig"; sourceTree = "<group>"; };
		62871236637FDDAB3364B155 /* Pods-Instagram.debug.xcconfig */ = {isa = PBXFileReference; includeInIndex = 1; lastKnownFileType = text.xcconfig; name = "Pods-Instagram.debug.xcconfig"; path = "Target Support Files/Pods-Instagram/Pods-Instagram.debug.xcconfig"; sourceTree = "<group>"; };
		63AEDC8CBE5B9095FFABBCBD /* Pods-Instagram-InstagramUITests.debug.xcconfig */ = {isa = PBXFileReference; includeInIndex = 1; lastKnownFileType = text.xcconfig; name = "Pods-Instagram-InstagramUITests.debug.xcconfig"; path = "Target Support Files/Pods-Instagram-InstagramUITests/Pods-Instagram-InstagramUITests.debug.xcconfig"; sourceTree = "<group>"; };
		730276E58A50A418C25B0FBC /* Pods_Instagram_InstagramUITests.framework */ = {isa = PBXFileReference; explicitFileType = wrapper.framework; includeInIndex = 0; path = Pods_Instagram_InstagramUITests.framework; sourceTree = BUILT_PRODUCTS_DIR; };
		7E67D58FFE210A6882BD4F66 /* Pods-Instagram-InstagramUITests.release.xcconfig */ = {isa = PBXFileReference; includeInIndex = 1; lastKnownFileType = text.xcconfig; name = "Pods-Instagram-InstagramUITests.release.xcconfig"; path = "Target Support Files/Pods-Instagram-InstagramUITests/Pods-Instagram-InstagramUITests.release.xcconfig"; sourceTree = "<group>"; };
		BC42E2EF27EB9E3C0003B705 /* LoginViewController.swift */ = {isa = PBXFileReference; lastKnownFileType = sourcecode.swift; path = LoginViewController.swift; sourceTree = "<group>"; };
		BC42E2F127EB9E500003B705 /* FeedViewController.swift */ = {isa = PBXFileReference; lastKnownFileType = sourcecode.swift; path = FeedViewController.swift; sourceTree = "<group>"; };
		BC6A1DF027EAA879002383BC /* Instagram.app */ = {isa = PBXFileReference; explicitFileType = wrapper.application; includeInIndex = 0; path = Instagram.app; sourceTree = BUILT_PRODUCTS_DIR; };
		BC6A1DF327EAA879002383BC /* AppDelegate.swift */ = {isa = PBXFileReference; lastKnownFileType = sourcecode.swift; path = AppDelegate.swift; sourceTree = "<group>"; };
		BC6A1DF527EAA879002383BC /* SceneDelegate.swift */ = {isa = PBXFileReference; lastKnownFileType = sourcecode.swift; path = SceneDelegate.swift; sourceTree = "<group>"; };
		BC6A1DFA27EAA879002383BC /* Base */ = {isa = PBXFileReference; lastKnownFileType = file.storyboard; name = Base; path = Base.lproj/Main.storyboard; sourceTree = "<group>"; };
		BC6A1DFC27EAA87D002383BC /* Assets.xcassets */ = {isa = PBXFileReference; lastKnownFileType = folder.assetcatalog; path = Assets.xcassets; sourceTree = "<group>"; };
		BC6A1DFF27EAA87D002383BC /* Base */ = {isa = PBXFileReference; lastKnownFileType = file.storyboard; name = Base; path = Base.lproj/LaunchScreen.storyboard; sourceTree = "<group>"; };
		BC6A1E0127EAA87D002383BC /* Info.plist */ = {isa = PBXFileReference; lastKnownFileType = text.plist.xml; path = Info.plist; sourceTree = "<group>"; };
		BC6A1E0627EAA87D002383BC /* InstagramTests.xctest */ = {isa = PBXFileReference; explicitFileType = wrapper.cfbundle; includeInIndex = 0; path = InstagramTests.xctest; sourceTree = BUILT_PRODUCTS_DIR; };
		BC6A1E0A27EAA87D002383BC /* InstagramTests.swift */ = {isa = PBXFileReference; lastKnownFileType = sourcecode.swift; path = InstagramTests.swift; sourceTree = "<group>"; };
		BC6A1E1027EAA87D002383BC /* InstagramUITests.xctest */ = {isa = PBXFileReference; explicitFileType = wrapper.cfbundle; includeInIndex = 0; path = InstagramUITests.xctest; sourceTree = BUILT_PRODUCTS_DIR; };
		BC6A1E1427EAA87D002383BC /* InstagramUITests.swift */ = {isa = PBXFileReference; lastKnownFileType = sourcecode.swift; path = InstagramUITests.swift; sourceTree = "<group>"; };
		BC6A1E1627EAA87D002383BC /* InstagramUITestsLaunchTests.swift */ = {isa = PBXFileReference; lastKnownFileType = sourcecode.swift; path = InstagramUITestsLaunchTests.swift; sourceTree = "<group>"; };
		BCF39D8627EE8179005C0D35 /* CameraViewController.swift */ = {isa = PBXFileReference; lastKnownFileType = sourcecode.swift; path = CameraViewController.swift; sourceTree = "<group>"; };
		BCF39D8827EEA207005C0D35 /* Postcell.swift */ = {isa = PBXFileReference; lastKnownFileType = sourcecode.swift; path = Postcell.swift; sourceTree = "<group>"; };
		BD9D76172EF7ADBEBD85FBA1 /* Pods_Instagram.framework */ = {isa = PBXFileReference; explicitFileType = wrapper.framework; includeInIndex = 0; path = Pods_Instagram.framework; sourceTree = BUILT_PRODUCTS_DIR; };
		DFD1A3E9E0CD508F8BAB523D /* Pods-InstagramTests.release.xcconfig */ = {isa = PBXFileReference; includeInIndex = 1; lastKnownFileType = text.xcconfig; name = "Pods-InstagramTests.release.xcconfig"; path = "Target Support Files/Pods-InstagramTests/Pods-InstagramTests.release.xcconfig"; sourceTree = "<group>"; };
		E102C45F1625FE5062CBB314 /* Pods-InstagramTests.debug.xcconfig */ = {isa = PBXFileReference; includeInIndex = 1; lastKnownFileType = text.xcconfig; name = "Pods-InstagramTests.debug.xcconfig"; path = "Target Support Files/Pods-InstagramTests/Pods-InstagramTests.debug.xcconfig"; sourceTree = "<group>"; };
/* End PBXFileReference section */

/* Begin PBXFrameworksBuildPhase section */
		BC6A1DED27EAA879002383BC /* Frameworks */ = {
			isa = PBXFrameworksBuildPhase;
			buildActionMask = 2147483647;
			files = (
				241B887BCD1ECD1B38C15AFF /* Pods_Instagram.framework in Frameworks */,
			);
			runOnlyForDeploymentPostprocessing = 0;
		};
		BC6A1E0327EAA87D002383BC /* Frameworks */ = {
			isa = PBXFrameworksBuildPhase;
			buildActionMask = 2147483647;
			files = (
				97C9D1D850300C0D09B71BDC /* Pods_InstagramTests.framework in Frameworks */,
			);
			runOnlyForDeploymentPostprocessing = 0;
		};
		BC6A1E0D27EAA87D002383BC /* Frameworks */ = {
			isa = PBXFrameworksBuildPhase;
			buildActionMask = 2147483647;
			files = (
				4A567187A2202D5FC38942F8 /* Pods_Instagram_InstagramUITests.framework in Frameworks */,
			);
			runOnlyForDeploymentPostprocessing = 0;
		};
/* End PBXFrameworksBuildPhase section */

/* Begin PBXGroup section */
		46F83A4EB78E13D1255D7697 /* Frameworks */ = {
			isa = PBXGroup;
			children = (
				BD9D76172EF7ADBEBD85FBA1 /* Pods_Instagram.framework */,
				730276E58A50A418C25B0FBC /* Pods_Instagram_InstagramUITests.framework */,
				148AEE7429E807A04A27EE49 /* Pods_InstagramTests.framework */,
			);
			name = Frameworks;
			sourceTree = "<group>";
		};
		BC6A1DE727EAA879002383BC = {
			isa = PBXGroup;
			children = (
				BC6A1DF227EAA879002383BC /* Instagram */,
				BC6A1E0927EAA87D002383BC /* InstagramTests */,
				BC6A1E1327EAA87D002383BC /* InstagramUITests */,
				BC6A1DF127EAA879002383BC /* Products */,
				E31A4348E15B467012C96734 /* Pods */,
				46F83A4EB78E13D1255D7697 /* Frameworks */,
			);
			sourceTree = "<group>";
		};
		BC6A1DF127EAA879002383BC /* Products */ = {
			isa = PBXGroup;
			children = (
				BC6A1DF027EAA879002383BC /* Instagram.app */,
				BC6A1E0627EAA87D002383BC /* InstagramTests.xctest */,
				BC6A1E1027EAA87D002383BC /* InstagramUITests.xctest */,
			);
			name = Products;
			sourceTree = "<group>";
		};
		BC6A1DF227EAA879002383BC /* Instagram */ = {
			isa = PBXGroup;
			children = (
				BC6A1DF327EAA879002383BC /* AppDelegate.swift */,
				BC6A1DF527EAA879002383BC /* SceneDelegate.swift */,
				BC6A1DF927EAA879002383BC /* Main.storyboard */,
				BC6A1DFC27EAA87D002383BC /* Assets.xcassets */,
				BC6A1DFE27EAA87D002383BC /* LaunchScreen.storyboard */,
				BC6A1E0127EAA87D002383BC /* Info.plist */,
				BC42E2EF27EB9E3C0003B705 /* LoginViewController.swift */,
				BC42E2F127EB9E500003B705 /* FeedViewController.swift */,
				BCF39D8627EE8179005C0D35 /* CameraViewController.swift */,
				BCF39D8827EEA207005C0D35 /* Postcell.swift */,
			);
			path = Instagram;
			sourceTree = "<group>";
		};
		BC6A1E0927EAA87D002383BC /* InstagramTests */ = {
			isa = PBXGroup;
			children = (
				BC6A1E0A27EAA87D002383BC /* InstagramTests.swift */,
			);
			path = InstagramTests;
			sourceTree = "<group>";
		};
		BC6A1E1327EAA87D002383BC /* InstagramUITests */ = {
			isa = PBXGroup;
			children = (
				BC6A1E1427EAA87D002383BC /* InstagramUITests.swift */,
				BC6A1E1627EAA87D002383BC /* InstagramUITestsLaunchTests.swift */,
			);
			path = InstagramUITests;
			sourceTree = "<group>";
		};
		E31A4348E15B467012C96734 /* Pods */ = {
			isa = PBXGroup;
			children = (
				62871236637FDDAB3364B155 /* Pods-Instagram.debug.xcconfig */,
				1C0D15A617059F0866CEA448 /* Pods-Instagram.release.xcconfig */,
				63AEDC8CBE5B9095FFABBCBD /* Pods-Instagram-InstagramUITests.debug.xcconfig */,
				7E67D58FFE210A6882BD4F66 /* Pods-Instagram-InstagramUITests.release.xcconfig */,
				E102C45F1625FE5062CBB314 /* Pods-InstagramTests.debug.xcconfig */,
				DFD1A3E9E0CD508F8BAB523D /* Pods-InstagramTests.release.xcconfig */,
			);
			path = Pods;
			sourceTree = "<group>";
		};
/* End PBXGroup section */

/* Begin PBXNativeTarget section */
		BC6A1DEF27EAA879002383BC /* Instagram */ = {
			isa = PBXNativeTarget;
			buildConfigurationList = BC6A1E1A27EAA87D002383BC /* Build configuration list for PBXNativeTarget "Instagram" */;
			buildPhases = (
				75B5DF2E0881BA214BE2A8BB /* [CP] Check Pods Manifest.lock */,
				BC6A1DEC27EAA879002383BC /* Sources */,
				BC6A1DED27EAA879002383BC /* Frameworks */,
				BC6A1DEE27EAA879002383BC /* Resources */,
				9A079768FB59594416AECF14 /* [CP] Embed Pods Frameworks */,
			);
			buildRules = (
			);
			dependencies = (
			);
			name = Instagram;
			productName = Instagram;
			productReference = BC6A1DF027EAA879002383BC /* Instagram.app */;
			productType = "com.apple.product-type.application";
		};
		BC6A1E0527EAA87D002383BC /* InstagramTests */ = {
			isa = PBXNativeTarget;
			buildConfigurationList = BC6A1E1D27EAA87D002383BC /* Build configuration list for PBXNativeTarget "InstagramTests" */;
			buildPhases = (
				B942AD49DD8C7D148248FC98 /* [CP] Check Pods Manifest.lock */,
				BC6A1E0227EAA87D002383BC /* Sources */,
				BC6A1E0327EAA87D002383BC /* Frameworks */,
				BC6A1E0427EAA87D002383BC /* Resources */,
			);
			buildRules = (
			);
			dependencies = (
				BC6A1E0827EAA87D002383BC /* PBXTargetDependency */,
			);
			name = InstagramTests;
			productName = InstagramTests;
			productReference = BC6A1E0627EAA87D002383BC /* InstagramTests.xctest */;
			productType = "com.apple.product-type.bundle.unit-test";
		};
		BC6A1E0F27EAA87D002383BC /* InstagramUITests */ = {
			isa = PBXNativeTarget;
			buildConfigurationList = BC6A1E2027EAA87D002383BC /* Build configuration list for PBXNativeTarget "InstagramUITests" */;
			buildPhases = (
				7B2BC1F74E22958DA795A9C8 /* [CP] Check Pods Manifest.lock */,
				BC6A1E0C27EAA87D002383BC /* Sources */,
				BC6A1E0D27EAA87D002383BC /* Frameworks */,
				BC6A1E0E27EAA87D002383BC /* Resources */,
				36559E0133014E43A13BFCD2 /* [CP] Embed Pods Frameworks */,
			);
			buildRules = (
			);
			dependencies = (
				BC6A1E1227EAA87D002383BC /* PBXTargetDependency */,
			);
			name = InstagramUITests;
			productName = InstagramUITests;
			productReference = BC6A1E1027EAA87D002383BC /* InstagramUITests.xctest */;
			productType = "com.apple.product-type.bundle.ui-testing";
		};
/* End PBXNativeTarget section */

/* Begin PBXProject section */
		BC6A1DE827EAA879002383BC /* Project object */ = {
			isa = PBXProject;
			attributes = {
				BuildIndependentTargetsInParallel = 1;
				LastSwiftUpdateCheck = 1330;
				LastUpgradeCheck = 1330;
				TargetAttributes = {
					BC6A1DEF27EAA879002383BC = {
						CreatedOnToolsVersion = 13.3;
					};
					BC6A1E0527EAA87D002383BC = {
						CreatedOnToolsVersion = 13.3;
						TestTargetID = BC6A1DEF27EAA879002383BC;
					};
					BC6A1E0F27EAA87D002383BC = {
						CreatedOnToolsVersion = 13.3;
						TestTargetID = BC6A1DEF27EAA879002383BC;
					};
				};
			};
			buildConfigurationList = BC6A1DEB27EAA879002383BC /* Build configuration list for PBXProject "Instagram" */;
			compatibilityVersion = "Xcode 13.0";
			developmentRegion = en;
			hasScannedForEncodings = 0;
			knownRegions = (
				en,
				Base,
			);
			mainGroup = BC6A1DE727EAA879002383BC;
			productRefGroup = BC6A1DF127EAA879002383BC /* Products */;
			projectDirPath = "";
			projectRoot = "";
			targets = (
				BC6A1DEF27EAA879002383BC /* Instagram */,
				BC6A1E0527EAA87D002383BC /* InstagramTests */,
				BC6A1E0F27EAA87D002383BC /* InstagramUITests */,
			);
		};
/* End PBXProject section */

/* Begin PBXResourcesBuildPhase section */
		BC6A1DEE27EAA879002383BC /* Resources */ = {
			isa = PBXResourcesBuildPhase;
			buildActionMask = 2147483647;
			files = (
				BC6A1E0027EAA87D002383BC /* LaunchScreen.storyboard in Resources */,
				BC6A1DFD27EAA87D002383BC /* Assets.xcassets in Resources */,
				BC6A1DFB27EAA879002383BC /* Main.storyboard in Resources */,
			);
			runOnlyForDeploymentPostprocessing = 0;
		};
		BC6A1E0427EAA87D002383BC /* Resources */ = {
			isa = PBXResourcesBuildPhase;
			buildActionMask = 2147483647;
			files = (
			);
			runOnlyForDeploymentPostprocessing = 0;
		};
		BC6A1E0E27EAA87D002383BC /* Resources */ = {
			isa = PBXResourcesBuildPhase;
			buildActionMask = 2147483647;
			files = (
			);
			runOnlyForDeploymentPostprocessing = 0;
		};
/* End PBXResourcesBuildPhase section */

/* Begin PBXShellScriptBuildPhase section */
		36559E0133014E43A13BFCD2 /* [CP] Embed Pods Frameworks */ = {
			isa = PBXShellScriptBuildPhase;
			buildActionMask = 2147483647;
			files = (
			);
			inputFileListPaths = (
				"${PODS_ROOT}/Target Support Files/Pods-Instagram-InstagramUITests/Pods-Instagram-InstagramUITests-frameworks-${CONFIGURATION}-input-files.xcfilelist",
			);
			name = "[CP] Embed Pods Frameworks";
			outputFileListPaths = (
				"${PODS_ROOT}/Target Support Files/Pods-Instagram-InstagramUITests/Pods-Instagram-InstagramUITests-frameworks-${CONFIGURATION}-output-files.xcfilelist",
			);
			runOnlyForDeploymentPostprocessing = 0;
			shellPath = /bin/sh;
			shellScript = "\"${PODS_ROOT}/Target Support Files/Pods-Instagram-InstagramUITests/Pods-Instagram-InstagramUITests-frameworks.sh\"\n";
			showEnvVarsInLog = 0;
		};
		75B5DF2E0881BA214BE2A8BB /* [CP] Check Pods Manifest.lock */ = {
			isa = PBXShellScriptBuildPhase;
			buildActionMask = 2147483647;
			files = (
			);
			inputFileListPaths = (
			);
			inputPaths = (
				"${PODS_PODFILE_DIR_PATH}/Podfile.lock",
				"${PODS_ROOT}/Manifest.lock",
			);
			name = "[CP] Check Pods Manifest.lock";
			outputFileListPaths = (
			);
			outputPaths = (
				"$(DERIVED_FILE_DIR)/Pods-Instagram-checkManifestLockResult.txt",
			);
			runOnlyForDeploymentPostprocessing = 0;
			shellPath = /bin/sh;
			shellScript = "diff \"${PODS_PODFILE_DIR_PATH}/Podfile.lock\" \"${PODS_ROOT}/Manifest.lock\" > /dev/null\nif [ $? != 0 ] ; then\n    # print error to STDERR\n    echo \"error: The sandbox is not in sync with the Podfile.lock. Run 'pod install' or update your CocoaPods installation.\" >&2\n    exit 1\nfi\n# This output is used by Xcode 'outputs' to avoid re-running this script phase.\necho \"SUCCESS\" > \"${SCRIPT_OUTPUT_FILE_0}\"\n";
			showEnvVarsInLog = 0;
		};
		7B2BC1F74E22958DA795A9C8 /* [CP] Check Pods Manifest.lock */ = {
			isa = PBXShellScriptBuildPhase;
			buildActionMask = 2147483647;
			files = (
			);
			inputFileListPaths = (
			);
			inputPaths = (
				"${PODS_PODFILE_DIR_PATH}/Podfile.lock",
				"${PODS_ROOT}/Manifest.lock",
			);
			name = "[CP] Check Pods Manifest.lock";
			outputFileListPaths = (
			);
			outputPaths = (
				"$(DERIVED_FILE_DIR)/Pods-Instagram-InstagramUITests-checkManifestLockResult.txt",
			);
			runOnlyForDeploymentPostprocessing = 0;
			shellPath = /bin/sh;
			shellScript = "diff \"${PODS_PODFILE_DIR_PATH}/Podfile.lock\" \"${PODS_ROOT}/Manifest.lock\" > /dev/null\nif [ $? != 0 ] ; then\n    # print error to STDERR\n    echo \"error: The sandbox is not in sync with the Podfile.lock. Run 'pod install' or update your CocoaPods installation.\" >&2\n    exit 1\nfi\n# This output is used by Xcode 'outputs' to avoid re-running this script phase.\necho \"SUCCESS\" > \"${SCRIPT_OUTPUT_FILE_0}\"\n";
			showEnvVarsInLog = 0;
		};
		9A079768FB59594416AECF14 /* [CP] Embed Pods Frameworks */ = {
			isa = PBXShellScriptBuildPhase;
			buildActionMask = 2147483647;
			files = (
			);
			inputFileListPaths = (
				"${PODS_ROOT}/Target Support Files/Pods-Instagram/Pods-Instagram-frameworks-${CONFIGURATION}-input-files.xcfilelist",
			);
			name = "[CP] Embed Pods Frameworks";
			outputFileListPaths = (
				"${PODS_ROOT}/Target Support Files/Pods-Instagram/Pods-Instagram-frameworks-${CONFIGURATION}-output-files.xcfilelist",
			);
			runOnlyForDeploymentPostprocessing = 0;
			shellPath = /bin/sh;
			shellScript = "\"${PODS_ROOT}/Target Support Files/Pods-Instagram/Pods-Instagram-frameworks.sh\"\n";
			showEnvVarsInLog = 0;
		};
		B942AD49DD8C7D148248FC98 /* [CP] Check Pods Manifest.lock */ = {
			isa = PBXShellScriptBuildPhase;
			buildActionMask = 2147483647;
			files = (
			);
			inputFileListPaths = (
			);
			inputPaths = (
				"${PODS_PODFILE_DIR_PATH}/Podfile.lock",
				"${PODS_ROOT}/Manifest.lock",
			);
			name = "[CP] Check Pods Manifest.lock";
			outputFileListPaths = (
			);
			outputPaths = (
				"$(DERIVED_FILE_DIR)/Pods-InstagramTests-checkManifestLockResult.txt",
			);
			runOnlyForDeploymentPostprocessing = 0;
			shellPath = /bin/sh;
			shellScript = "diff \"${PODS_PODFILE_DIR_PATH}/Podfile.lock\" \"${PODS_ROOT}/Manifest.lock\" > /dev/null\nif [ $? != 0 ] ; then\n    # print error to STDERR\n    echo \"error: The sandbox is not in sync with the Podfile.lock. Run 'pod install' or update your CocoaPods installation.\" >&2\n    exit 1\nfi\n# This output is used by Xcode 'outputs' to avoid re-running this script phase.\necho \"SUCCESS\" > \"${SCRIPT_OUTPUT_FILE_0}\"\n";
			showEnvVarsInLog = 0;
		};
/* End PBXShellScriptBuildPhase section */

/* Begin PBXSourcesBuildPhase section */
		BC6A1DEC27EAA879002383BC /* Sources */ = {
			isa = PBXSourcesBuildPhase;
			buildActionMask = 2147483647;
			files = (
				BC42E2F027EB9E3C0003B705 /* LoginViewController.swift in Sources */,
				BCF39D8927EEA207005C0D35 /* Postcell.swift in Sources */,
				BCF39D8727EE8179005C0D35 /* CameraViewController.swift in Sources */,
				BC42E2F227EB9E500003B705 /* FeedViewController.swift in Sources */,
				BC6A1DF427EAA879002383BC /* AppDelegate.swift in Sources */,
				BC6A1DF627EAA879002383BC /* SceneDelegate.swift in Sources */,
			);
			runOnlyForDeploymentPostprocessing = 0;
		};
		BC6A1E0227EAA87D002383BC /* Sources */ = {
			isa = PBXSourcesBuildPhase;
			buildActionMask = 2147483647;
			files = (
				BC6A1E0B27EAA87D002383BC /* InstagramTests.swift in Sources */,
			);
			runOnlyForDeploymentPostprocessing = 0;
		};
		BC6A1E0C27EAA87D002383BC /* Sources */ = {
			isa = PBXSourcesBuildPhase;
			buildActionMask = 2147483647;
			files = (
				BC6A1E1527EAA87D002383BC /* InstagramUITests.swift in Sources */,
				BC6A1E1727EAA87D002383BC /* InstagramUITestsLaunchTests.swift in Sources */,
			);
			runOnlyForDeploymentPostprocessing = 0;
		};
/* End PBXSourcesBuildPhase section */

/* Begin PBXTargetDependency section */
		BC6A1E0827EAA87D002383BC /* PBXTargetDependency */ = {
			isa = PBXTargetDependency;
			target = BC6A1DEF27EAA879002383BC /* Instagram */;
			targetProxy = BC6A1E0727EAA87D002383BC /* PBXContainerItemProxy */;
		};
		BC6A1E1227EAA87D002383BC /* PBXTargetDependency */ = {
			isa = PBXTargetDependency;
			target = BC6A1DEF27EAA879002383BC /* Instagram */;
			targetProxy = BC6A1E1127EAA87D002383BC /* PBXContainerItemProxy */;
		};
/* End PBXTargetDependency section */

/* Begin PBXVariantGroup section */
		BC6A1DF927EAA879002383BC /* Main.storyboard */ = {
			isa = PBXVariantGroup;
			children = (
				BC6A1DFA27EAA879002383BC /* Base */,
			);
			name = Main.storyboard;
			sourceTree = "<group>";
		};
		BC6A1DFE27EAA87D002383BC /* LaunchScreen.storyboard */ = {
			isa = PBXVariantGroup;
			children = (
				BC6A1DFF27EAA87D002383BC /* Base */,
			);
			name = LaunchScreen.storyboard;
			sourceTree = "<group>";
		};
/* End PBXVariantGroup section */

/* Begin XCBuildConfiguration section */
		BC6A1E1827EAA87D002383BC /* Debug */ = {
			isa = XCBuildConfiguration;
			buildSettings = {
				ALWAYS_SEARCH_USER_PATHS = NO;
				CLANG_ANALYZER_NONNULL = YES;
				CLANG_ANALYZER_NUMBER_OBJECT_CONVERSION = YES_AGGRESSIVE;
				CLANG_CXX_LANGUAGE_STANDARD = "gnu++17";
				CLANG_ENABLE_MODULES = YES;
				CLANG_ENABLE_OBJC_ARC = YES;
				CLANG_ENABLE_OBJC_WEAK = YES;
				CLANG_WARN_BLOCK_CAPTURE_AUTORELEASING = YES;
				CLANG_WARN_BOOL_CONVERSION = YES;
				CLANG_WARN_COMMA = YES;
				CLANG_WARN_CONSTANT_CONVERSION = YES;
				CLANG_WARN_DEPRECATED_OBJC_IMPLEMENTATIONS = YES;
				CLANG_WARN_DIRECT_OBJC_ISA_USAGE = YES_ERROR;
				CLANG_WARN_DOCUMENTATION_COMMENTS = YES;
				CLANG_WARN_EMPTY_BODY = YES;
				CLANG_WARN_ENUM_CONVERSION = YES;
				CLANG_WARN_INFINITE_RECURSION = YES;
				CLANG_WARN_INT_CONVERSION = YES;
				CLANG_WARN_NON_LITERAL_NULL_CONVERSION = YES;
				CLANG_WARN_OBJC_IMPLICIT_RETAIN_SELF = YES;
				CLANG_WARN_OBJC_LITERAL_CONVERSION = YES;
				CLANG_WARN_OBJC_ROOT_CLASS = YES_ERROR;
				CLANG_WARN_QUOTED_INCLUDE_IN_FRAMEWORK_HEADER = YES;
				CLANG_WARN_RANGE_LOOP_ANALYSIS = YES;
				CLANG_WARN_STRICT_PROTOTYPES = YES;
				CLANG_WARN_SUSPICIOUS_MOVE = YES;
				CLANG_WARN_UNGUARDED_AVAILABILITY = YES_AGGRESSIVE;
				CLANG_WARN_UNREACHABLE_CODE = YES;
				CLANG_WARN__DUPLICATE_METHOD_MATCH = YES;
				COPY_PHASE_STRIP = NO;
				DEBUG_INFORMATION_FORMAT = dwarf;
				ENABLE_STRICT_OBJC_MSGSEND = YES;
				ENABLE_TESTABILITY = YES;
				GCC_C_LANGUAGE_STANDARD = gnu11;
				GCC_DYNAMIC_NO_PIC = NO;
				GCC_NO_COMMON_BLOCKS = YES;
				GCC_OPTIMIZATION_LEVEL = 0;
				GCC_PREPROCESSOR_DEFINITIONS = (
					"DEBUG=1",
					"$(inherited)",
				);
				GCC_WARN_64_TO_32_BIT_CONVERSION = YES;
				GCC_WARN_ABOUT_RETURN_TYPE = YES_ERROR;
				GCC_WARN_UNDECLARED_SELECTOR = YES;
				GCC_WARN_UNINITIALIZED_AUTOS = YES_AGGRESSIVE;
				GCC_WARN_UNUSED_FUNCTION = YES;
				GCC_WARN_UNUSED_VARIABLE = YES;
				IPHONEOS_DEPLOYMENT_TARGET = 15.4;
				MTL_ENABLE_DEBUG_INFO = INCLUDE_SOURCE;
				MTL_FAST_MATH = YES;
				ONLY_ACTIVE_ARCH = YES;
				SDKROOT = iphoneos;
				SWIFT_ACTIVE_COMPILATION_CONDITIONS = DEBUG;
				SWIFT_OPTIMIZATION_LEVEL = "-Onone";
			};
			name = Debug;
		};
		BC6A1E1927EAA87D002383BC /* Release */ = {
			isa = XCBuildConfiguration;
			buildSettings = {
				ALWAYS_SEARCH_USER_PATHS = NO;
				CLANG_ANALYZER_NONNULL = YES;
				CLANG_ANALYZER_NUMBER_OBJECT_CONVERSION = YES_AGGRESSIVE;
				CLANG_CXX_LANGUAGE_STANDARD = "gnu++17";
				CLANG_ENABLE_MODULES = YES;
				CLANG_ENABLE_OBJC_ARC = YES;
				CLANG_ENABLE_OBJC_WEAK = YES;
				CLANG_WARN_BLOCK_CAPTURE_AUTORELEASING = YES;
				CLANG_WARN_BOOL_CONVERSION = YES;
				CLANG_WARN_COMMA = YES;
				CLANG_WARN_CONSTANT_CONVERSION = YES;
				CLANG_WARN_DEPRECATED_OBJC_IMPLEMENTATIONS = YES;
				CLANG_WARN_DIRECT_OBJC_ISA_USAGE = YES_ERROR;
				CLANG_WARN_DOCUMENTATION_COMMENTS = YES;
				CLANG_WARN_EMPTY_BODY = YES;
				CLANG_WARN_ENUM_CONVERSION = YES;
				CLANG_WARN_INFINITE_RECURSION = YES;
				CLANG_WARN_INT_CONVERSION = YES;
				CLANG_WARN_NON_LITERAL_NULL_CONVERSION = YES;
				CLANG_WARN_OBJC_IMPLICIT_RETAIN_SELF = YES;
				CLANG_WARN_OBJC_LITERAL_CONVERSION = YES;
				CLANG_WARN_OBJC_ROOT_CLASS = YES_ERROR;
				CLANG_WARN_QUOTED_INCLUDE_IN_FRAMEWORK_HEADER = YES;
				CLANG_WARN_RANGE_LOOP_ANALYSIS = YES;
				CLANG_WARN_STRICT_PROTOTYPES = YES;
				CLANG_WARN_SUSPICIOUS_MOVE = YES;
				CLANG_WARN_UNGUARDED_AVAILABILITY = YES_AGGRESSIVE;
				CLANG_WARN_UNREACHABLE_CODE = YES;
				CLANG_WARN__DUPLICATE_METHOD_MATCH = YES;
				COPY_PHASE_STRIP = NO;
				DEBUG_INFORMATION_FORMAT = "dwarf-with-dsym";
				ENABLE_NS_ASSERTIONS = NO;
				ENABLE_STRICT_OBJC_MSGSEND = YES;
				GCC_C_LANGUAGE_STANDARD = gnu11;
				GCC_NO_COMMON_BLOCKS = YES;
				GCC_WARN_64_TO_32_BIT_CONVERSION = YES;
				GCC_WARN_ABOUT_RETURN_TYPE = YES_ERROR;
				GCC_WARN_UNDECLARED_SELECTOR = YES;
				GCC_WARN_UNINITIALIZED_AUTOS = YES_AGGRESSIVE;
				GCC_WARN_UNUSED_FUNCTION = YES;
				GCC_WARN_UNUSED_VARIABLE = YES;
				IPHONEOS_DEPLOYMENT_TARGET = 15.4;
				MTL_ENABLE_DEBUG_INFO = NO;
				MTL_FAST_MATH = YES;
				SDKROOT = iphoneos;
				SWIFT_COMPILATION_MODE = wholemodule;
				SWIFT_OPTIMIZATION_LEVEL = "-O";
				VALIDATE_PRODUCT = YES;
			};
			name = Release;
		};
		BC6A1E1B27EAA87D002383BC /* Debug */ = {
			isa = XCBuildConfiguration;
			baseConfigurationReference = 62871236637FDDAB3364B155 /* Pods-Instagram.debug.xcconfig */;
			buildSettings = {
				ASSETCATALOG_COMPILER_APPICON_NAME = AppIcon;
				ASSETCATALOG_COMPILER_GLOBAL_ACCENT_COLOR_NAME = AccentColor;
				CODE_SIGN_STYLE = Automatic;
				CURRENT_PROJECT_VERSION = 1;
				DEVELOPMENT_TEAM = 579Y8T43Y9;
				GENERATE_INFOPLIST_FILE = YES;
				INFOPLIST_FILE = Instagram/Info.plist;
				INFOPLIST_KEY_UIApplicationSupportsIndirectInputEvents = YES;
				INFOPLIST_KEY_UILaunchStoryboardName = LaunchScreen;
				INFOPLIST_KEY_UIMainStoryboardFile = Main;
				INFOPLIST_KEY_UISupportedInterfaceOrientations_iPad = "UIInterfaceOrientationPortrait UIInterfaceOrientationPortraitUpsideDown UIInterfaceOrientationLandscapeLeft UIInterfaceOrientationLandscapeRight";
				INFOPLIST_KEY_UISupportedInterfaceOrientations_iPhone = "UIInterfaceOrientationPortrait UIInterfaceOrientationLandscapeLeft UIInterfaceOrientationLandscapeRight";
				LD_RUNPATH_SEARCH_PATHS = (
					"$(inherited)",
					"@executable_path/Frameworks",
				);
				MARKETING_VERSION = 1.0;
				PRODUCT_BUNDLE_IDENTIFIER = com.TJdev.Instagram;
				PRODUCT_NAME = "$(TARGET_NAME)";
				SWIFT_EMIT_LOC_STRINGS = YES;
				SWIFT_VERSION = 5.0;
				TARGETED_DEVICE_FAMILY = "1,2";
			};
			name = Debug;
		};
		BC6A1E1C27EAA87D002383BC /* Release */ = {
			isa = XCBuildConfiguration;
			baseConfigurationReference = 1C0D15A617059F0866CEA448 /* Pods-Instagram.release.xcconfig */;
			buildSettings = {
				ASSETCATALOG_COMPILER_APPICON_NAME = AppIcon;
				ASSETCATALOG_COMPILER_GLOBAL_ACCENT_COLOR_NAME = AccentColor;
				CODE_SIGN_STYLE = Automatic;
				CURRENT_PROJECT_VERSION = 1;
				DEVELOPMENT_TEAM = 579Y8T43Y9;
				GENERATE_INFOPLIST_FILE = YES;
				INFOPLIST_FILE = Instagram/Info.plist;
				INFOPLIST_KEY_UIApplicationSupportsIndirectInputEvents = YES;
				INFOPLIST_KEY_UILaunchStoryboardName = LaunchScreen;
				INFOPLIST_KEY_UIMainStoryboardFile = Main;
				INFOPLIST_KEY_UISupportedInterfaceOrientations_iPad = "UIInterfaceOrientationPortrait UIInterfaceOrientationPortraitUpsideDown UIInterfaceOrientationLandscapeLeft UIInterfaceOrientationLandscapeRight";
				INFOPLIST_KEY_UISupportedInterfaceOrientations_iPhone = "UIInterfaceOrientationPortrait UIInterfaceOrientationLandscapeLeft UIInterfaceOrientationLandscapeRight";
				LD_RUNPATH_SEARCH_PATHS = (
					"$(inherited)",
					"@executable_path/Frameworks",
				);
				MARKETING_VERSION = 1.0;
				PRODUCT_BUNDLE_IDENTIFIER = com.TJdev.Instagram;
				PRODUCT_NAME = "$(TARGET_NAME)";
				SWIFT_EMIT_LOC_STRINGS = YES;
				SWIFT_VERSION = 5.0;
				TARGETED_DEVICE_FAMILY = "1,2";
			};
			name = Release;
		};
		BC6A1E1E27EAA87D002383BC /* Debug */ = {
			isa = XCBuildConfiguration;
			baseConfigurationReference = E102C45F1625FE5062CBB314 /* Pods-InstagramTests.debug.xcconfig */;
			buildSettings = {
				ALWAYS_EMBED_SWIFT_STANDARD_LIBRARIES = YES;
				BUNDLE_LOADER = "$(TEST_HOST)";
				CODE_SIGN_STYLE = Automatic;
				CURRENT_PROJECT_VERSION = 1;
				DEVELOPMENT_TEAM = 579Y8T43Y9;
				GENERATE_INFOPLIST_FILE = YES;
				IPHONEOS_DEPLOYMENT_TARGET = 15.4;
				MARKETING_VERSION = 1.0;
				PRODUCT_BUNDLE_IDENTIFIER = com.TJdev.InstagramTests;
				PRODUCT_NAME = "$(TARGET_NAME)";
				SWIFT_EMIT_LOC_STRINGS = NO;
				SWIFT_VERSION = 5.0;
				TARGETED_DEVICE_FAMILY = "1,2";
				TEST_HOST = "$(BUILT_PRODUCTS_DIR)/Instagram.app/Instagram";
			};
			name = Debug;
		};
		BC6A1E1F27EAA87D002383BC /* Release */ = {
			isa = XCBuildConfiguration;
			baseConfigurationReference = DFD1A3E9E0CD508F8BAB523D /* Pods-InstagramTests.release.xcconfig */;
			buildSettings = {
				ALWAYS_EMBED_SWIFT_STANDARD_LIBRARIES = YES;
				BUNDLE_LOADER = "$(TEST_HOST)";
				CODE_SIGN_STYLE = Automatic;
				CURRENT_PROJECT_VERSION = 1;
				DEVELOPMENT_TEAM = 579Y8T43Y9;
				GENERATE_INFOPLIST_FILE = YES;
				IPHONEOS_DEPLOYMENT_TARGET = 15.4;
				MARKETING_VERSION = 1.0;
				PRODUCT_BUNDLE_IDENTIFIER = com.TJdev.InstagramTests;
				PRODUCT_NAME = "$(TARGET_NAME)";
				SWIFT_EMIT_LOC_STRINGS = NO;
				SWIFT_VERSION = 5.0;
				TARGETED_DEVICE_FAMILY = "1,2";
				TEST_HOST = "$(BUILT_PRODUCTS_DIR)/Instagram.app/Instagram";
			};
			name = Release;
		};
		BC6A1E2127EAA87D002383BC /* Debug */ = {
			isa = XCBuildConfiguration;
			baseConfigurationReference = 63AEDC8CBE5B9095FFABBCBD /* Pods-Instagram-InstagramUITests.debug.xcconfig */;
			buildSettings = {
				ALWAYS_EMBED_SWIFT_STANDARD_LIBRARIES = YES;
				CODE_SIGN_STYLE = Automatic;
				CURRENT_PROJECT_VERSION = 1;
				DEVELOPMENT_TEAM = 579Y8T43Y9;
				GENERATE_INFOPLIST_FILE = YES;
				MARKETING_VERSION = 1.0;
				PRODUCT_BUNDLE_IDENTIFIER = com.TJdev.InstagramUITests;
				PRODUCT_NAME = "$(TARGET_NAME)";
				SWIFT_EMIT_LOC_STRINGS = NO;
				SWIFT_VERSION = 5.0;
				TARGETED_DEVICE_FAMILY = "1,2";
				TEST_TARGET_NAME = Instagram;
			};
			name = Debug;
		};
		BC6A1E2227EAA87D002383BC /* Release */ = {
			isa = XCBuildConfiguration;
			baseConfigurationReference = 7E67D58FFE210A6882BD4F66 /* Pods-Instagram-InstagramUITests.release.xcconfig */;
			buildSettings = {
				ALWAYS_EMBED_SWIFT_STANDARD_LIBRARIES = YES;
				CODE_SIGN_STYLE = Automatic;
				CURRENT_PROJECT_VERSION = 1;
				DEVELOPMENT_TEAM = 579Y8T43Y9;
				GENERATE_INFOPLIST_FILE = YES;
				MARKETING_VERSION = 1.0;
				PRODUCT_BUNDLE_IDENTIFIER = com.TJdev.InstagramUITests;
				PRODUCT_NAME = "$(TARGET_NAME)";
				SWIFT_EMIT_LOC_STRINGS = NO;
				SWIFT_VERSION = 5.0;
				TARGETED_DEVICE_FAMILY = "1,2";
				TEST_TARGET_NAME = Instagram;
			};
			name = Release;
		};
/* End XCBuildConfiguration section */

/* Begin XCConfigurationList section */
		BC6A1DEB27EAA879002383BC /* Build configuration list for PBXProject "Instagram" */ = {
			isa = XCConfigurationList;
			buildConfigurations = (
				BC6A1E1827EAA87D002383BC /* Debug */,
				BC6A1E1927EAA87D002383BC /* Release */,
			);
			defaultConfigurationIsVisible = 0;
			defaultConfigurationName = Release;
		};
		BC6A1E1A27EAA87D002383BC /* Build configuration list for PBXNativeTarget "Instagram" */ = {
			isa = XCConfigurationList;
			buildConfigurations = (
				BC6A1E1B27EAA87D002383BC /* Debug */,
				BC6A1E1C27EAA87D002383BC /* Release */,
			);
			defaultConfigurationIsVisible = 0;
			defaultConfigurationName = Release;
		};
		BC6A1E1D27EAA87D002383BC /* Build configuration list for PBXNativeTarget "InstagramTests" */ = {
			isa = XCConfigurationList;
			buildConfigurations = (
				BC6A1E1E27EAA87D002383BC /* Debug */,
				BC6A1E1F27EAA87D002383BC /* Release */,
			);
			defaultConfigurationIsVisible = 0;
			defaultConfigurationName = Release;
		};
		BC6A1E2027EAA87D002383BC /* Build configuration list for PBXNativeTarget "InstagramUITests" */ = {
			isa = XCConfigurationList;
			buildConfigurations = (
				BC6A1E2127EAA87D002383BC /* Debug */,
				BC6A1E2227EAA87D002383BC /* Release */,
			);
			defaultConfigurationIsVisible = 0;
			defaultConfigurationName = Release;
		};
/* End XCConfigurationList section */
	};
	rootObject = BC6A1DE827EAA879002383BC /* Project object */;
}
